
Microsoft Visual Studio Solution File, Format Version 12.00
# Visual Studio Version 16
VisualStudioVersion = 16.0.29613.14
MinimumVisualStudioVersion = 10.0.40219.1
Project("{FAE04EC0-301F-11D3-BF4B-00C04F79EFBC}") = "FileDirectory", "FileDirectory\FileDirectory.csproj", "{CC735B21-7955-44C8-B709-814B0D516D11}"
EndProject
Global
	GlobalSection(SolutionConfigurationPlatforms) = preSolution
		Debug|Any CPU = Debug|Any CPU
		Release|Any CPU = Release|Any CPU
	EndGlobalSection
	GlobalSection(ProjectConfigurationPlatforms) = postSolution
		{CC735B21-7955-44C8-B709-814B0D516D11}.Debug|Any CPU.ActiveCfg = Debug|Any CPU
		{CC735B21-7955-44C8-B709-814B0D516D11}.Debug|Any CPU.Build.0 = Debug|Any CPU
		{CC735B21-7955-44C8-B709-814B0D516D11}.Release|Any CPU.ActiveCfg = Release|Any CPU
		{CC735B21-7955-44C8-B709-814B0D516D11}.Release|Any CPU.Build.0 = Release|Any CPU
	EndGlobalSection
	GlobalSection(SolutionProperties) = preSolution
		HideSolutionNode = FALSE
	EndGlobalSection
	GlobalSection(ExtensibilityGlobals) = postSolution
		SolutionGuid = {24A1611C-00D2-4808-A008-D0771BA5AD89}
	EndGlobalSection
EndGlobal
